
Microsoft Visual Studio Solution File, Format Version 12.00
# Visual Studio Version 17
VisualStudioVersion = 17.14.36511.14 d17.14
MinimumVisualStudioVersion = 10.0.40219.1
Project("{8BC9CEB8-8B4A-11D0-8D11-00A0C91BC942}") = "Practice02", "Practice02\Practice02.vcxproj", "{3931D95B-F4C4-402E-A055-EC89BD94D5C4}"
EndProject
Global
	GlobalSection(SolutionConfigurationPlatforms) = preSolution
		Debug|x64 = Debug|x64
		Debug|x86 = Debug|x86
		Release|x64 = Release|x64
		Release|x86 = Release|x86
	EndGlobalSection
	GlobalSection(ProjectConfigurationPlatforms) = postSolution
		{3931D95B-F4C4-402E-A055-EC89BD94D5C4}.Debug|x64.ActiveCfg = Debug|x64
		{3931D95B-F4C4-402E-A055-EC89BD94D5C4}.Debug|x64.Build.0 = Debug|x64
		{3931D95B-F4C4-402E-A055-EC89BD94D5C4}.Debug|x86.ActiveCfg = Debug|Win32
		{3931D95B-F4C4-402E-A055-EC89BD94D5C4}.Debug|x86.Build.0 = Debug|Win32
		{3931D95B-F4C4-402E-A055-EC89BD94D5C4}.Release|x64.ActiveCfg = Release|x64
		{3931D95B-F4C4-402E-A055-EC89BD94D5C4}.Release|x64.Build.0 = Release|x64
		{3931D95B-F4C4-402E-A055-EC89BD94D5C4}.Release|x86.ActiveCfg = Release|Win32
		{3931D95B-F4C4-402E-A055-EC89BD94D5C4}.Release|x86.Build.0 = Release|Win32
	EndGlobalSection
	GlobalSection(SolutionProperties) = preSolution
		HideSolutionNode = FALSE
	EndGlobalSection
	GlobalSection(ExtensibilityGlobals) = postSolution
		SolutionGuid = {A81C980B-7E30-4E06-B552-A521B020233F}
	EndGlobalSection
EndGlobal
